
Microsoft Visual Studio Solution File, Format Version 12.00
# Visual Studio Version 17
VisualStudioVersion = 17.8.34525.116
MinimumVisualStudioVersion = 10.0.40219.1
Project("{9A19103F-16F7-4668-BE54-9A1E7A4F7556}") = "Bangazon", "Bangazon.csproj", "{B7857392-D943-4035-B447-9D03CB5B980D}"
EndProject
Global
	GlobalSection(SolutionConfigurationPlatforms) = preSolution
		Debug|Any CPU = Debug|Any CPU
		Release|Any CPU = Release|Any CPU
	EndGlobalSection
	GlobalSection(ProjectConfigurationPlatforms) = postSolution
		{B7857392-D943-4035-B447-9D03CB5B980D}.Debug|Any CPU.ActiveCfg = Debug|Any CPU
		{B7857392-D943-4035-B447-9D03CB5B980D}.Debug|Any CPU.Build.0 = Debug|Any CPU
		{B7857392-D943-4035-B447-9D03CB5B980D}.Release|Any CPU.ActiveCfg = Release|Any CPU
		{B7857392-D943-4035-B447-9D03CB5B980D}.Release|Any CPU.Build.0 = Release|Any CPU
	EndGlobalSection
	GlobalSection(SolutionProperties) = preSolution
		HideSolutionNode = FALSE
	EndGlobalSection
	GlobalSection(ExtensibilityGlobals) = postSolution
		SolutionGuid = {EF72E224-EDCD-47DA-BC46-880900BDBCB8}
	EndGlobalSection
EndGlobal
